// !$*UTF8*$!
{
	archiveVersion = 1;
	classes = {
	};
	objectVersion = 50;
	objects = {

/* Begin PBXBuildFile section */
		0C33C4AF25EE15B4000A6C91 /* AppDelegate.swift in Sources */ = {isa = PBXBuildFile; fileRef = 0C33C4AE25EE15B4000A6C91 /* AppDelegate.swift */; };
		0C33C4B125EE15B4000A6C91 /* SceneDelegate.swift in Sources */ = {isa = PBXBuildFile; fileRef = 0C33C4B025EE15B4000A6C91 /* SceneDelegate.swift */; };
		0C33C4B325EE15B4000A6C91 /* ViewController.swift in Sources */ = {isa = PBXBuildFile; fileRef = 0C33C4B225EE15B4000A6C91 /* ViewController.swift */; };
		0C33C4B625EE15B4000A6C91 /* Main.storyboard in Resources */ = {isa = PBXBuildFile; fileRef = 0C33C4B425EE15B4000A6C91 /* Main.storyboard */; };
		0C33C4B825EE15B7000A6C91 /* Assets.xcassets in Resources */ = {isa = PBXBuildFile; fileRef = 0C33C4B725EE15B7000A6C91 /* Assets.xcassets */; };
		0C33C4BB25EE15B7000A6C91 /* LaunchScreen.storyboard in Resources */ = {isa = PBXBuildFile; fileRef = 0C33C4B925EE15B7000A6C91 /* LaunchScreen.storyboard */; };
		0C33C4C625EE15B8000A6C91 /* DownloadingAndCachingImagesTests.swift in Sources */ = {isa = PBXBuildFile; fileRef = 0C33C4C525EE15B8000A6C91 /* DownloadingAndCachingImagesTests.swift */; };
		0C33C4D125EE15B8000A6C91 /* DownloadingAndCachingImagesUITests.swift in Sources */ = {isa = PBXBuildFile; fileRef = 0C33C4D025EE15B8000A6C91 /* DownloadingAndCachingImagesUITests.swift */; };
		0C33C4E725EE1A2A000A6C91 /* NetworkManeger.swift in Sources */ = {isa = PBXBuildFile; fileRef = 0C33C4E625EE1A2A000A6C91 /* NetworkManeger.swift */; };
		0C33C4EC25EE21E3000A6C91 /* model.swift in Sources */ = {isa = PBXBuildFile; fileRef = 0C33C4EB25EE21E3000A6C91 /* model.swift */; };
		0C33C4F425EE3198000A6C91 /* ImageTableViewCell.swift in Sources */ = {isa = PBXBuildFile; fileRef = 0C33C4F325EE3198000A6C91 /* ImageTableViewCell.swift */; };
/* End PBXBuildFile section */

/* Begin PBXContainerItemProxy section */
		0C33C4C225EE15B8000A6C91 /* PBXContainerItemProxy */ = {
			isa = PBXContainerItemProxy;
			containerPortal = 0C33C4A325EE15B4000A6C91 /* Project object */;
			proxyType = 1;
			remoteGlobalIDString = 0C33C4AA25EE15B4000A6C91;
			remoteInfo = DownloadingAndCachingImages;
		};
		0C33C4CD25EE15B8000A6C91 /* PBXContainerItemProxy */ = {
			isa = PBXContainerItemProxy;
			containerPortal = 0C33C4A325EE15B4000A6C91 /* Project object */;
			proxyType = 1;
			remoteGlobalIDString = 0C33C4AA25EE15B4000A6C91;
			remoteInfo = DownloadingAndCachingImages;
		};
/* End PBXContainerItemProxy section */

/* Begin PBXFileReference section */
		0C33C4AB25EE15B4000A6C91 /* DownloadingAndCachingImages.app */ = {isa = PBXFileReference; explicitFileType = wrapper.application; includeInIndex = 0; path = DownloadingAndCachingImages.app; sourceTree = BUILT_PRODUCTS_DIR; };
		0C33C4AE25EE15B4000A6C91 /* AppDelegate.swift */ = {isa = PBXFileReference; lastKnownFileType = sourcecode.swift; path = AppDelegate.swift; sourceTree = "<group>"; };
		0C33C4B025EE15B4000A6C91 /* SceneDelegate.swift */ = {isa = PBXFileReference; lastKnownFileType = sourcecode.swift; path = SceneDelegate.swift; sourceTree = "<group>"; };
		0C33C4B225EE15B4000A6C91 /* ViewController.swift */ = {isa = PBXFileReference; lastKnownFileType = sourcecode.swift; path = ViewController.swift; sourceTree = "<group>"; };
		0C33C4B525EE15B4000A6C91 /* Base */ = {isa = PBXFileReference; lastKnownFileType = file.storyboard; name = Base; path = Base.lproj/Main.storyboard; sourceTree = "<group>"; };
		0C33C4B725EE15B7000A6C91 /* Assets.xcassets */ = {isa = PBXFileReference; lastKnownFileType = folder.assetcatalog; path = Assets.xcassets; sourceTree = "<group>"; };
		0C33C4BA25EE15B7000A6C91 /* Base */ = {isa = PBXFileReference; lastKnownFileType = file.storyboard; name = Base; path = Base.lproj/LaunchScreen.storyboard; sourceTree = "<group>"; };
		0C33C4BC25EE15B7000A6C91 /* Info.plist */ = {isa = PBXFileReference; lastKnownFileType = text.plist.xml; path = Info.plist; sourceTree = "<group>"; };
		0C33C4C125EE15B8000A6C91 /* DownloadingAndCachingImagesTests.xctest */ = {isa = PBXFileReference; explicitFileType = wrapper.cfbundle; includeInIndex = 0; path = DownloadingAndCachingImagesTests.xctest; sourceTree = BUILT_PRODUCTS_DIR; };
		0C33C4C525EE15B8000A6C91 /* DownloadingAndCachingImagesTests.swift */ = {isa = PBXFileReference; lastKnownFileType = sourcecode.swift; path = DownloadingAndCachingImagesTests.swift; sourceTree = "<group>"; };
		0C33C4C725EE15B8000A6C91 /* Info.plist */ = {isa = PBXFileReference; lastKnownFileType = text.plist.xml; path = Info.plist; sourceTree = "<group>"; };
		0C33C4CC25EE15B8000A6C91 /* DownloadingAndCachingImagesUITests.xctest */ = {isa = PBXFileReference; explicitFileType = wrapper.cfbundle; includeInIndex = 0; path = DownloadingAndCachingImagesUITests.xctest; sourceTree = BUILT_PRODUCTS_DIR; };
		0C33C4D025EE15B8000A6C91 /* DownloadingAndCachingImagesUITests.swift */ = {isa = PBXFileReference; lastKnownFileType = sourcecode.swift; path = DownloadingAndCachingImagesUITests.swift; sourceTree = "<group>"; };
		0C33C4D225EE15B8000A6C91 /* Info.plist */ = {isa = PBXFileReference; lastKnownFileType = text.plist.xml; path = Info.plist; sourceTree = "<group>"; };
		0C33C4E625EE1A2A000A6C91 /* NetworkManeger.swift */ = {isa = PBXFileReference; lastKnownFileType = sourcecode.swift; path = NetworkManeger.swift; sourceTree = "<group>"; };
		0C33C4EB25EE21E3000A6C91 /* model.swift */ = {isa = PBXFileReference; lastKnownFileType = sourcecode.swift; path = model.swift; sourceTree = "<group>"; };
		0C33C4F325EE3198000A6C91 /* ImageTableViewCell.swift */ = {isa = PBXFileReference; lastKnownFileType = sourcecode.swift; path = ImageTableViewCell.swift; sourceTree = "<group>"; };
/* End PBXFileReference section */

/* Begin PBXFrameworksBuildPhase section */
		0C33C4A825EE15B4000A6C91 /* Frameworks */ = {
			isa = PBXFrameworksBuildPhase;
			buildActionMask = 2147483647;
			files = (
			);
			runOnlyForDeploymentPostprocessing = 0;
		};
		0C33C4BE25EE15B8000A6C91 /* Frameworks */ = {
			isa = PBXFrameworksBuildPhase;
			buildActionMask = 2147483647;
			files = (
			);
			runOnlyForDeploymentPostprocessing = 0;
		};
		0C33C4C925EE15B8000A6C91 /* Frameworks */ = {
			isa = PBXFrameworksBuildPhase;
			buildActionMask = 2147483647;
			files = (
			);
			runOnlyForDeploymentPostprocessing = 0;
		};
/* End PBXFrameworksBuildPhase section */

/* Begin PBXGroup section */
		0C33C4A225EE15B4000A6C91 = {
			isa = PBXGroup;
			children = (
				0C33C4AD25EE15B4000A6C91 /* DownloadingAndCachingImages */,
				0C33C4C425EE15B8000A6C91 /* DownloadingAndCachingImagesTests */,
				0C33C4CF25EE15B8000A6C91 /* DownloadingAndCachingImagesUITests */,
				0C33C4AC25EE15B4000A6C91 /* Products */,
			);
			sourceTree = "<group>";
		};
		0C33C4AC25EE15B4000A6C91 /* Products */ = {
			isa = PBXGroup;
			children = (
				0C33C4AB25EE15B4000A6C91 /* DownloadingAndCachingImages.app */,
				0C33C4C125EE15B8000A6C91 /* DownloadingAndCachingImagesTests.xctest */,
				0C33C4CC25EE15B8000A6C91 /* DownloadingAndCachingImagesUITests.xctest */,
			);
			name = Products;
			sourceTree = "<group>";
		};
		0C33C4AD25EE15B4000A6C91 /* DownloadingAndCachingImages */ = {
			isa = PBXGroup;
			children = (
				0C33C4AE25EE15B4000A6C91 /* AppDelegate.swift */,
				0C33C4B025EE15B4000A6C91 /* SceneDelegate.swift */,
				0C33C4B225EE15B4000A6C91 /* ViewController.swift */,
				0C33C4F325EE3198000A6C91 /* ImageTableViewCell.swift */,
				0C33C4E625EE1A2A000A6C91 /* NetworkManeger.swift */,
				0C33C4EB25EE21E3000A6C91 /* model.swift */,
				0C33C4B425EE15B4000A6C91 /* Main.storyboard */,
				0C33C4B725EE15B7000A6C91 /* Assets.xcassets */,
				0C33C4B925EE15B7000A6C91 /* LaunchScreen.storyboard */,
				0C33C4BC25EE15B7000A6C91 /* Info.plist */,
			);
			path = DownloadingAndCachingImages;
			sourceTree = "<group>";
		};
		0C33C4C425EE15B8000A6C91 /* DownloadingAndCachingImagesTests */ = {
			isa = PBXGroup;
			children = (
				0C33C4C525EE15B8000A6C91 /* DownloadingAndCachingImagesTests.swift */,
				0C33C4C725EE15B8000A6C91 /* Info.plist */,
			);
			path = DownloadingAndCachingImagesTests;
			sourceTree = "<group>";
		};
		0C33C4CF25EE15B8000A6C91 /* DownloadingAndCachingImagesUITests */ = {
			isa = PBXGroup;
			children = (
				0C33C4D025EE15B8000A6C91 /* DownloadingAndCachingImagesUITests.swift */,
				0C33C4D225EE15B8000A6C91 /* Info.plist */,
			);
			path = DownloadingAndCachingImagesUITests;
			sourceTree = "<group>";
		};
/* End PBXGroup section */

/* Begin PBXNativeTarget section */
		0C33C4AA25EE15B4000A6C91 /* DownloadingAndCachingImages */ = {
			isa = PBXNativeTarget;
			buildConfigurationList = 0C33C4D525EE15B8000A6C91 /* Build configuration list for PBXNativeTarget "DownloadingAndCachingImages" */;
			buildPhases = (
				0C33C4A725EE15B4000A6C91 /* Sources */,
				0C33C4A825EE15B4000A6C91 /* Frameworks */,
				0C33C4A925EE15B4000A6C91 /* Resources */,
			);
			buildRules = (
			);
			dependencies = (
			);
			name = DownloadingAndCachingImages;
			productName = DownloadingAndCachingImages;
			productReference = 0C33C4AB25EE15B4000A6C91 /* DownloadingAndCachingImages.app */;
			productType = "com.apple.product-type.application";
		};
		0C33C4C025EE15B8000A6C91 /* DownloadingAndCachingImagesTests */ = {
			isa = PBXNativeTarget;
			buildConfigurationList = 0C33C4D825EE15B8000A6C91 /* Build configuration list for PBXNativeTarget "DownloadingAndCachingImagesTests" */;
			buildPhases = (
				0C33C4BD25EE15B8000A6C91 /* Sources */,
				0C33C4BE25EE15B8000A6C91 /* Frameworks */,
				0C33C4BF25EE15B8000A6C91 /* Resources */,
			);
			buildRules = (
			);
			dependencies = (
				0C33C4C325EE15B8000A6C91 /* PBXTargetDependency */,
			);
			name = DownloadingAndCachingImagesTests;
			productName = DownloadingAndCachingImagesTests;
			productReference = 0C33C4C125EE15B8000A6C91 /* DownloadingAndCachingImagesTests.xctest */;
			productType = "com.apple.product-type.bundle.unit-test";
		};
		0C33C4CB25EE15B8000A6C91 /* DownloadingAndCachingImagesUITests */ = {
			isa = PBXNativeTarget;
			buildConfigurationList = 0C33C4DB25EE15B8000A6C91 /* Build configuration list for PBXNativeTarget "DownloadingAndCachingImagesUITests" */;
			buildPhases = (
				0C33C4C825EE15B8000A6C91 /* Sources */,
				0C33C4C925EE15B8000A6C91 /* Frameworks */,
				0C33C4CA25EE15B8000A6C91 /* Resources */,
			);
			buildRules = (
			);
			dependencies = (
				0C33C4CE25EE15B8000A6C91 /* PBXTargetDependency */,
			);
			name = DownloadingAndCachingImagesUITests;
			productName = DownloadingAndCachingImagesUITests;
			productReference = 0C33C4CC25EE15B8000A6C91 /* DownloadingAndCachingImagesUITests.xctest */;
			productType = "com.apple.product-type.bundle.ui-testing";
		};
/* End PBXNativeTarget section */

/* Begin PBXProject section */
		0C33C4A325EE15B4000A6C91 /* Project object */ = {
			isa = PBXProject;
			attributes = {
				LastSwiftUpdateCheck = 1200;
				LastUpgradeCheck = 1200;
				TargetAttributes = {
					0C33C4AA25EE15B4000A6C91 = {
						CreatedOnToolsVersion = 12.0.1;
					};
					0C33C4C025EE15B8000A6C91 = {
						CreatedOnToolsVersion = 12.0.1;
						TestTargetID = 0C33C4AA25EE15B4000A6C91;
					};
					0C33C4CB25EE15B8000A6C91 = {
						CreatedOnToolsVersion = 12.0.1;
						TestTargetID = 0C33C4AA25EE15B4000A6C91;
					};
				};
			};
			buildConfigurationList = 0C33C4A625EE15B4000A6C91 /* Build configuration list for PBXProject "DownloadingAndCachingImages" */;
			compatibilityVersion = "Xcode 9.3";
			developmentRegion = en;
			hasScannedForEncodings = 0;
			knownRegions = (
				en,
				Base,
			);
			mainGroup = 0C33C4A225EE15B4000A6C91;
			productRefGroup = 0C33C4AC25EE15B4000A6C91 /* Products */;
			projectDirPath = "";
			projectRoot = "";
			targets = (
				0C33C4AA25EE15B4000A6C91 /* DownloadingAndCachingImages */,
				0C33C4C025EE15B8000A6C91 /* DownloadingAndCachingImagesTests */,
				0C33C4CB25EE15B8000A6C91 /* DownloadingAndCachingImagesUITests */,
			);
		};
/* End PBXProject section */

/* Begin PBXResourcesBuildPhase section */
		0C33C4A925EE15B4000A6C91 /* Resources */ = {
			isa = PBXResourcesBuildPhase;
			buildActionMask = 2147483647;
			files = (
				0C33C4BB25EE15B7000A6C91 /* LaunchScreen.storyboard in Resources */,
				0C33C4B825EE15B7000A6C91 /* Assets.xcassets in Resources */,
				0C33C4B625EE15B4000A6C91 /* Main.storyboard in Resources */,
			);
			runOnlyForDeploymentPostprocessing = 0;
		};
		0C33C4BF25EE15B8000A6C91 /* Resources */ = {
			isa = PBXResourcesBuildPhase;
			buildActionMask = 2147483647;
			files = (
			);
			runOnlyForDeploymentPostprocessing = 0;
		};
		0C33C4CA25EE15B8000A6C91 /* Resources */ = {
			isa = PBXResourcesBuildPhase;
			buildActionMask = 2147483647;
			files = (
			);
			runOnlyForDeploymentPostprocessing = 0;
		};
/* End PBXResourcesBuildPhase section */

/* Begin PBXSourcesBuildPhase section */
		0C33C4A725EE15B4000A6C91 /* Sources */ = {
			isa = PBXSourcesBuildPhase;
			buildActionMask = 2147483647;
			files = (
				0C33C4B325EE15B4000A6C91 /* ViewController.swift in Sources */,
				0C33C4EC25EE21E3000A6C91 /* model.swift in Sources */,
				0C33C4AF25EE15B4000A6C91 /* AppDelegate.swift in Sources */,
				0C33C4F425EE3198000A6C91 /* ImageTableViewCell.swift in Sources */,
				0C33C4E725EE1A2A000A6C91 /* NetworkManeger.swift in Sources */,
				0C33C4B125EE15B4000A6C91 /* SceneDelegate.swift in Sources */,
			);
			runOnlyForDeploymentPostprocessing = 0;
		};
		0C33C4BD25EE15B8000A6C91 /* Sources */ = {
			isa = PBXSourcesBuildPhase;
			buildActionMask = 2147483647;
			files = (
				0C33C4C625EE15B8000A6C91 /* DownloadingAndCachingImagesTests.swift in Sources */,
			);
			runOnlyForDeploymentPostprocessing = 0;
		};
		0C33C4C825EE15B8000A6C91 /* Sources */ = {
			isa = PBXSourcesBuildPhase;
			buildActionMask = 2147483647;
			files = (
				0C33C4D125EE15B8000A6C91 /* DownloadingAndCachingImagesUITests.swift in Sources */,
			);
			runOnlyForDeploymentPostprocessing = 0;
		};
/* End PBXSourcesBuildPhase section */

/* Begin PBXTargetDependency section */
		0C33C4C325EE15B8000A6C91 /* PBXTargetDependency */ = {
			isa = PBXTargetDependency;
			target = 0C33C4AA25EE15B4000A6C91 /* DownloadingAndCachingImages */;
			targetProxy = 0C33C4C225EE15B8000A6C91 /* PBXContainerItemProxy */;
		};
		0C33C4CE25EE15B8000A6C91 /* PBXTargetDependency */ = {
			isa = PBXTargetDependency;
			target = 0C33C4AA25EE15B4000A6C91 /* DownloadingAndCachingImages */;
			targetProxy = 0C33C4CD25EE15B8000A6C91 /* PBXContainerItemProxy */;
		};
/* End PBXTargetDependency section */

/* Begin PBXVariantGroup section */
		0C33C4B425EE15B4000A6C91 /* Main.storyboard */ = {
			isa = PBXVariantGroup;
			children = (
				0C33C4B525EE15B4000A6C91 /* Base */,
			);
			name = Main.storyboard;
			sourceTree = "<group>";
		};
		0C33C4B925EE15B7000A6C91 /* LaunchScreen.storyboard */ = {
			isa = PBXVariantGroup;
			children = (
				0C33C4BA25EE15B7000A6C91 /* Base */,
			);
			name = LaunchScreen.storyboard;
			sourceTree = "<group>";
		};
/* End PBXVariantGroup section */

/* Begin XCBuildConfiguration section */
		0C33C4D325EE15B8000A6C91 /* Debug */ = {
			isa = XCBuildConfiguration;
			buildSettings = {
				ALWAYS_SEARCH_USER_PATHS = NO;
				CLANG_ANALYZER_NONNULL = YES;
				CLANG_ANALYZER_NUMBER_OBJECT_CONVERSION = YES_AGGRESSIVE;
				CLANG_CXX_LANGUAGE_STANDARD = "gnu++14";
				CLANG_CXX_LIBRARY = "libc++";
				CLANG_ENABLE_MODULES = YES;
				CLANG_ENABLE_OBJC_ARC = YES;
				CLANG_ENABLE_OBJC_WEAK = YES;
				CLANG_WARN_BLOCK_CAPTURE_AUTORELEASING = YES;
				CLANG_WARN_BOOL_CONVERSION = YES;
				CLANG_WARN_COMMA = YES;
				CLANG_WARN_CONSTANT_CONVERSION = YES;
				CLANG_WARN_DEPRECATED_OBJC_IMPLEMENTATIONS = YES;
				CLANG_WARN_DIRECT_OBJC_ISA_USAGE = YES_ERROR;
				CLANG_WARN_DOCUMENTATION_COMMENTS = YES;
				CLANG_WARN_EMPTY_BODY = YES;
				CLANG_WARN_ENUM_CONVERSION = YES;
				CLANG_WARN_INFINITE_RECURSION = YES;
				CLANG_WARN_INT_CONVERSION = YES;
				CLANG_WARN_NON_LITERAL_NULL_CONVERSION = YES;
				CLANG_WARN_OBJC_IMPLICIT_RETAIN_SELF = YES;
				CLANG_WARN_OBJC_LITERAL_CONVERSION = YES;
				CLANG_WARN_OBJC_ROOT_CLASS = YES_ERROR;
				CLANG_WARN_QUOTED_INCLUDE_IN_FRAMEWORK_HEADER = YES;
				CLANG_WARN_RANGE_LOOP_ANALYSIS = YES;
				CLANG_WARN_STRICT_PROTOTYPES = YES;
				CLANG_WARN_SUSPICIOUS_MOVE = YES;
				CLANG_WARN_UNGUARDED_AVAILABILITY = YES_AGGRESSIVE;
				CLANG_WARN_UNREACHABLE_CODE = YES;
				CLANG_WARN__DUPLICATE_METHOD_MATCH = YES;
				COPY_PHASE_STRIP = NO;
				DEBUG_INFORMATION_FORMAT = dwarf;
				ENABLE_STRICT_OBJC_MSGSEND = YES;
				ENABLE_TESTABILITY = YES;
				GCC_C_LANGUAGE_STANDARD = gnu11;
				GCC_DYNAMIC_NO_PIC = NO;
				GCC_NO_COMMON_BLOCKS = YES;
				GCC_OPTIMIZATION_LEVEL = 0;
				GCC_PREPROCESSOR_DEFINITIONS = (
					"DEBUG=1",
					"$(inherited)",
				);
				GCC_WARN_64_TO_32_BIT_CONVERSION = YES;
				GCC_WARN_ABOUT_RETURN_TYPE = YES_ERROR;
				GCC_WARN_UNDECLARED_SELECTOR = YES;
				GCC_WARN_UNINITIALIZED_AUTOS = YES_AGGRESSIVE;
				GCC_WARN_UNUSED_FUNCTION = YES;
				GCC_WARN_UNUSED_VARIABLE = YES;
				IPHONEOS_DEPLOYMENT_TARGET = 14.0;
				MTL_ENABLE_DEBUG_INFO = INCLUDE_SOURCE;
				MTL_FAST_MATH = YES;
				ONLY_ACTIVE_ARCH = YES;
				SDKROOT = iphoneos;
				SWIFT_ACTIVE_COMPILATION_CONDITIONS = DEBUG;
				SWIFT_OPTIMIZATION_LEVEL = "-Onone";
			};
			name = Debug;
		};
		0C33C4D425EE15B8000A6C91 /* Release */ = {
			isa = XCBuildConfiguration;
			buildSettings = {
				ALWAYS_SEARCH_USER_PATHS = NO;
				CLANG_ANALYZER_NONNULL = YES;
				CLANG_ANALYZER_NUMBER_OBJECT_CONVERSION = YES_AGGRESSIVE;
				CLANG_CXX_LANGUAGE_STANDARD = "gnu++14";
				CLANG_CXX_LIBRARY = "libc++";
				CLANG_ENABLE_MODULES = YES;
				CLANG_ENABLE_OBJC_ARC = YES;
				CLANG_ENABLE_OBJC_WEAK = YES;
				CLANG_WARN_BLOCK_CAPTURE_AUTORELEASING = YES;
				CLANG_WARN_BOOL_CONVERSION = YES;
				CLANG_WARN_COMMA = YES;
				CLANG_WARN_CONSTANT_CONVERSION = YES;
				CLANG_WARN_DEPRECATED_OBJC_IMPLEMENTATIONS = YES;
				CLANG_WARN_DIRECT_OBJC_ISA_USAGE = YES_ERROR;
				CLANG_WARN_DOCUMENTATION_COMMENTS = YES;
				CLANG_WARN_EMPTY_BODY = YES;
				CLANG_WARN_ENUM_CONVERSION = YES;
				CLANG_WARN_INFINITE_RECURSION = YES;
				CLANG_WARN_INT_CONVERSION = YES;
				CLANG_WARN_NON_LITERAL_NULL_CONVERSION = YES;
				CLANG_WARN_OBJC_IMPLICIT_RETAIN_SELF = YES;
				CLANG_WARN_OBJC_LITERAL_CONVERSION = YES;
				CLANG_WARN_OBJC_ROOT_CLASS = YES_ERROR;
				CLANG_WARN_QUOTED_INCLUDE_IN_FRAMEWORK_HEADER = YES;
				CLANG_WARN_RANGE_LOOP_ANALYSIS = YES;
				CLANG_WARN_STRICT_PROTOTYPES = YES;
				CLANG_WARN_SUSPICIOUS_MOVE = YES;
				CLANG_WARN_UNGUARDED_AVAILABILITY = YES_AGGRESSIVE;
				CLANG_WARN_UNREACHABLE_CODE = YES;
				CLANG_WARN__DUPLICATE_METHOD_MATCH = YES;
				COPY_PHASE_STRIP = NO;
				DEBUG_INFORMATION_FORMAT = "dwarf-with-dsym";
				ENABLE_NS_ASSERTIONS = NO;
				ENABLE_STRICT_OBJC_MSGSEND = YES;
				GCC_C_LANGUAGE_STANDARD = gnu11;
				GCC_NO_COMMON_BLOCKS = YES;
				GCC_WARN_64_TO_32_BIT_CONVERSION = YES;
				GCC_WARN_ABOUT_RETURN_TYPE = YES_ERROR;
				GCC_WARN_UNDECLARED_SELECTOR = YES;
				GCC_WARN_UNINITIALIZED_AUTOS = YES_AGGRESSIVE;
				GCC_WARN_UNUSED_FUNCTION = YES;
				GCC_WARN_UNUSED_VARIABLE = YES;
				IPHONEOS_DEPLOYMENT_TARGET = 14.0;
				MTL_ENABLE_DEBUG_INFO = NO;
				MTL_FAST_MATH = YES;
				SDKROOT = iphoneos;
				SWIFT_COMPILATION_MODE = wholemodule;
				SWIFT_OPTIMIZATION_LEVEL = "-O";
				VALIDATE_PRODUCT = YES;
			};
			name = Release;
		};
		0C33C4D625EE15B8000A6C91 /* Debug */ = {
			isa = XCBuildConfiguration;
			buildSettings = {
				ASSETCATALOG_COMPILER_APPICON_NAME = AppIcon;
				ASSETCATALOG_COMPILER_GLOBAL_ACCENT_COLOR_NAME = AccentColor;
				CODE_SIGN_STYLE = Automatic;
				DEVELOPMENT_TEAM = C7JHAVL8Y3;
				INFOPLIST_FILE = DownloadingAndCachingImages/Info.plist;
				LD_RUNPATH_SEARCH_PATHS = (
					"$(inherited)",
					"@executable_path/Frameworks",
				);
				PRODUCT_BUNDLE_IDENTIFIER = Yoti.DownloadingAndCachingImages;
				PRODUCT_NAME = "$(TARGET_NAME)";
				SWIFT_VERSION = 5.0;
				TARGETED_DEVICE_FAMILY = "1,2";
			};
			name = Debug;
		};
		0C33C4D725EE15B8000A6C91 /* Release */ = {
			isa = XCBuildConfiguration;
			buildSettings = {
				ASSETCATALOG_COMPILER_APPICON_NAME = AppIcon;
				ASSETCATALOG_COMPILER_GLOBAL_ACCENT_COLOR_NAME = AccentColor;
				CODE_SIGN_STYLE = Automatic;
				DEVELOPMENT_TEAM = C7JHAVL8Y3;
				INFOPLIST_FILE = DownloadingAndCachingImages/Info.plist;
				LD_RUNPATH_SEARCH_PATHS = (
					"$(inherited)",
					"@executable_path/Frameworks",
				);
				PRODUCT_BUNDLE_IDENTIFIER = Yoti.DownloadingAndCachingImages;
				PRODUCT_NAME = "$(TARGET_NAME)";
				SWIFT_VERSION = 5.0;
				TARGETED_DEVICE_FAMILY = "1,2";
			};
			name = Release;
		};
		0C33C4D925EE15B8000A6C91 /* Debug */ = {
			isa = XCBuildConfiguration;
			buildSettings = {
				ALWAYS_EMBED_SWIFT_STANDARD_LIBRARIES = YES;
				BUNDLE_LOADER = "$(TEST_HOST)";
				CODE_SIGN_STYLE = Automatic;
				DEVELOPMENT_TEAM = C7JHAVL8Y3;
				INFOPLIST_FILE = DownloadingAndCachingImagesTests/Info.plist;
				IPHONEOS_DEPLOYMENT_TARGET = 14.0;
				LD_RUNPATH_SEARCH_PATHS = (
					"$(inherited)",
					"@executable_path/Frameworks",
					"@loader_path/Frameworks",
				);
				PRODUCT_BUNDLE_IDENTIFIER = Yoti.DownloadingAndCachingImagesTests;
				PRODUCT_NAME = "$(TARGET_NAME)";
				SWIFT_VERSION = 5.0;
				TARGETED_DEVICE_FAMILY = "1,2";
				TEST_HOST = "$(BUILT_PRODUCTS_DIR)/DownloadingAndCachingImages.app/DownloadingAndCachingImages";
			};
			name = Debug;
		};
		0C33C4DA25EE15B8000A6C91 /* Release */ = {
			isa = XCBuildConfiguration;
			buildSettings = {
				ALWAYS_EMBED_SWIFT_STANDARD_LIBRARIES = YES;
				BUNDLE_LOADER = "$(TEST_HOST)";
				CODE_SIGN_STYLE = Automatic;
				DEVELOPMENT_TEAM = C7JHAVL8Y3;
				INFOPLIST_FILE = DownloadingAndCachingImagesTests/Info.plist;
				IPHONEOS_DEPLOYMENT_TARGET = 14.0;
				LD_RUNPATH_SEARCH_PATHS = (
					"$(inherited)",
					"@executable_path/Frameworks",
					"@loader_path/Frameworks",
				);
				PRODUCT_BUNDLE_IDENTIFIER = Yoti.DownloadingAndCachingImagesTests;
				PRODUCT_NAME = "$(TARGET_NAME)";
				SWIFT_VERSION = 5.0;
				TARGETED_DEVICE_FAMILY = "1,2";
				TEST_HOST = "$(BUILT_PRODUCTS_DIR)/DownloadingAndCachingImages.app/DownloadingAndCachingImages";
			};
			name = Release;
		};
		0C33C4DC25EE15B8000A6C91 /* Debug */ = {
			isa = XCBuildConfiguration;
			buildSettings = {
				ALWAYS_EMBED_SWIFT_STANDARD_LIBRARIES = YES;
				CODE_SIGN_STYLE = Automatic;
				DEVELOPMENT_TEAM = C7JHAVL8Y3;
				INFOPLIST_FILE = DownloadingAndCachingImagesUITests/Info.plist;
				LD_RUNPATH_SEARCH_PATHS = (
					"$(inherited)",
					"@executable_path/Frameworks",
					"@loader_path/Frameworks",
				);
				PRODUCT_BUNDLE_IDENTIFIER = Yoti.DownloadingAndCachingImagesUITests;
				PRODUCT_NAME = "$(TARGET_NAME)";
				SWIFT_VERSION = 5.0;
				TARGETED_DEVICE_FAMILY = "1,2";
				TEST_TARGET_NAME = DownloadingAndCachingImages;
			};
			name = Debug;
		};
		0C33C4DD25EE15B8000A6C91 /* Release */ = {
			isa = XCBuildConfiguration;
			buildSettings = {
				ALWAYS_EMBED_SWIFT_STANDARD_LIBRARIES = YES;
				CODE_SIGN_STYLE = Automatic;
				DEVELOPMENT_TEAM = C7JHAVL8Y3;
				INFOPLIST_FILE = DownloadingAndCachingImagesUITests/Info.plist;
				LD_RUNPATH_SEARCH_PATHS = (
					"$(inherited)",
					"@executable_path/Frameworks",
					"@loader_path/Frameworks",
				);
				PRODUCT_BUNDLE_IDENTIFIER = Yoti.DownloadingAndCachingImagesUITests;
				PRODUCT_NAME = "$(TARGET_NAME)";
				SWIFT_VERSION = 5.0;
				TARGETED_DEVICE_FAMILY = "1,2";
				TEST_TARGET_NAME = DownloadingAndCachingImages;
			};
			name = Release;
		};
/* End XCBuildConfiguration section */

/* Begin XCConfigurationList section */
		0C33C4A625EE15B4000A6C91 /* Build configuration list for PBXProject "DownloadingAndCachingImages" */ = {
			isa = XCConfigurationList;
			buildConfigurations = (
				0C33C4D325EE15B8000A6C91 /* Debug */,
				0C33C4D425EE15B8000A6C91 /* Release */,
			);
			defaultConfigurationIsVisible = 0;
			defaultConfigurationName = Release;
		};
		0C33C4D525EE15B8000A6C91 /* Build configuration list for PBXNativeTarget "DownloadingAndCachingImages" */ = {
			isa = XCConfigurationList;
			buildConfigurations = (
				0C33C4D625EE15B8000A6C91 /* Debug */,
				0C33C4D725EE15B8000A6C91 /* Release */,
			);
			defaultConfigurationIsVisible = 0;
			defaultConfigurationName = Release;
		};
		0C33C4D825EE15B8000A6C91 /* Build configuration list for PBXNativeTarget "DownloadingAndCachingImagesTests" */ = {
			isa = XCConfigurationList;
			buildConfigurations = (
				0C33C4D925EE15B8000A6C91 /* Debug */,
				0C33C4DA25EE15B8000A6C91 /* Release */,
			);
			defaultConfigurationIsVisible = 0;
			defaultConfigurationName = Release;
		};
		0C33C4DB25EE15B8000A6C91 /* Build configuration list for PBXNativeTarget "DownloadingAndCachingImagesUITests" */ = {
			isa = XCConfigurationList;
			buildConfigurations = (
				0C33C4DC25EE15B8000A6C91 /* Debug */,
				0C33C4DD25EE15B8000A6C91 /* Release */,
			);
			defaultConfigurationIsVisible = 0;
			defaultConfigurationName = Release;
		};
/* End XCConfigurationList section */
	};
	rootObject = 0C33C4A325EE15B4000A6C91 /* Project object */;
}
